<Solution>
  <!-- Generated from eng/solutions.json by scripts/update-solutions.ps1. -->
  <Configurations>
    <BuildType Name="Debug" />
    <BuildType Name="Release" />
  </Configurations>
  <Folder Name="/Entry points/">
    <Project Path="Broiler.Graphics/src/tests/Broiler.Graphics.Windows.Tests/Broiler.Graphics.Windows.Tests.csproj" />
    <Project Path="Broiler.Input/src/tests/Broiler.Input.Contract.Tests/Broiler.Input.Contract.Tests.csproj" />
    <Project Path="Broiler.Media/src/tests/Broiler.Media.Video.MediaFoundation.Tests/Broiler.Media.Video.MediaFoundation.Tests.csproj" />
  </Folder>
  <Folder Name="/Dependencies/Broiler.Graphics/">
    <Project Path="Broiler.Graphics/src/Broiler.Graphics.Windows/Broiler.Graphics.Direct2D.csproj" />
    <Project Path="Broiler.Graphics/src/Broiler.Graphics/Broiler.Graphics.csproj" />
  </Folder>
  <Folder Name="/Dependencies/Broiler.Input/">
    <Project Path="Broiler.Input/src/Broiler.Input.Camera.Windows/Broiler.Input.Camera.Windows.csproj" />
    <Project Path="Broiler.Input/src/Broiler.Input.Camera/Broiler.Input.Camera.csproj" />
    <Project Path="Broiler.Input/src/Broiler.Input.Keyboard.Windows/Broiler.Input.Keyboard.Windows.csproj" />
    <Project Path="Broiler.Input/src/Broiler.Input.Keyboard/Broiler.Input.Keyboard.csproj" />
    <Project Path="Broiler.Input/src/Broiler.Input.Legacy/Broiler.Input.Legacy.csproj" />
    <Project Path="Broiler.Input/src/Broiler.Input.Microphone.Windows/Broiler.Input.Microphone.Windows.csproj" />
    <Project Path="Broiler.Input/src/Broiler.Input.Microphone/Broiler.Input.Microphone.csproj" />
    <Project Path="Broiler.Input/src/Broiler.Input.Mouse.Windows/Broiler.Input.Mouse.Windows.csproj" />
    <Project Path="Broiler.Input/src/Broiler.Input.Mouse/Broiler.Input.Mouse.csproj" />
    <Project Path="Broiler.Input/src/Broiler.Input.Windows/Broiler.Input.Windows.csproj" />
    <Project Path="Broiler.Input/src/Broiler.Input/Broiler.Input.csproj" />
    <Project Path="Broiler.Input/src/tests/Broiler.Input.Testing/Broiler.Input.Testing.csproj" />
  </Folder>
  <Folder Name="/Dependencies/Broiler.Media/">
    <Project Path="Broiler.Media/src/Broiler.Media.Image.Managed/Broiler.Media.Image.Managed.csproj" />
    <Project Path="Broiler.Media/src/Broiler.Media.Image/Broiler.Media.Image.csproj" />
    <Project Path="Broiler.Media/src/Broiler.Media.Video.MediaFoundation/Broiler.Media.Video.MediaFoundation.csproj" />
    <Project Path="Broiler.Media/src/Broiler.Media.Video/Broiler.Media.Video.csproj" />
    <Project Path="Broiler.Media/src/Broiler.Media/Broiler.Media.csproj" />
  </Folder>
</Solution>
