
Microsoft Visual Studio Solution File, Format Version 12.00
# Visual Studio Version 17
VisualStudioVersion = 17.1.32421.90
MinimumVisualStudioVersion = 10.0.40219.1
Project("{2150E333-8FDC-42A3-9474-1A3956D46DE8}") = "Solution Items", "Solution Items", "{8D5F60A8-566A-4068-8B83-1BA48F66E60B}"
	ProjectSection(SolutionItems) = preProject
		.gitignore = .gitignore
		Improvements.md = Improvements.md
		README.md = README.md
		UNSUPPORTED.md = UNSUPPORTED.md
		version.json = version.json
		Yantra.md = Yantra.md
	EndProjectSection
EndProject
Project("{9A19103F-16F7-4668-BE54-9A1E7A4F7556}") = "JIntPerfTests", "OtherTests\JIntPerfTests\JIntPerfTests.csproj", "{75C8A8AC-7A81-46AE-AF4C-706BDC7AB6D6}"
EndProject
Project("{FAE04EC0-301F-11D3-BF4B-00C04F79EFBC}") = "Broiler.JavaScript.ExpressionCompiler", "Broiler.JavaScript.ExpressionCompiler\Broiler.JavaScript.ExpressionCompiler.csproj", "{0B8C110A-8B1B-41CD-88C9-D3317BD53F2B}"
EndProject
Project("{FAE04EC0-301F-11D3-BF4B-00C04F79EFBC}") = "Broiler.JavaScript.Ast", "Broiler.JavaScript.Ast\Broiler.JavaScript.Ast.csproj", "{C755D2E2-E26D-45A6-B6F6-8837873102A1}"
EndProject
Project("{FAE04EC0-301F-11D3-BF4B-00C04F79EFBC}") = "Broiler.JavaScript.Parser", "Broiler.JavaScript.Parser\Broiler.JavaScript.Parser.csproj", "{CF12EB27-8A66-44C9-A4B0-12F7D2C64352}"
EndProject
Project("{FAE04EC0-301F-11D3-BF4B-00C04F79EFBC}") = "Broiler.JavaScript.Storage", "Broiler.JavaScript.Storage\Broiler.JavaScript.Storage.csproj", "{7674B1F8-9387-407B-AE4F-44D3386B5311}"
EndProject
Project("{FAE04EC0-301F-11D3-BF4B-00C04F79EFBC}") = "Broiler.JavaScript.JSClassGenerator", "Broiler.JavaScript.JSClassGenerator\Broiler.JavaScript.JSClassGenerator.csproj", "{52F4B516-F2F4-41D7-9D2A-C78F05946C2E}"
EndProject
Project("{FAE04EC0-301F-11D3-BF4B-00C04F79EFBC}") = "Broiler.JavaScript.Core", "Broiler.JavaScript.Core\Broiler.JavaScript.Core.csproj", "{3D5B1A84-8B2D-4F5C-9F52-B8C3280419B3}"
EndProject
Project("{FAE04EC0-301F-11D3-BF4B-00C04F79EFBC}") = "Broiler.JavaScript.Debugger", "Broiler.JavaScript.Debugger\Broiler.JavaScript.Debugger.csproj", "{CBA1A13E-C57D-442D-A8E1-CD40BCA7C9EC}"
EndProject
Project("{FAE04EC0-301F-11D3-BF4B-00C04F79EFBC}") = "Broiler.JavaScript", "Broiler.JavaScript\Broiler.JavaScript.csproj", "{61CFDF7E-6924-452A-8D8E-0C1D397AA43A}"
EndProject
Project("{FAE04EC0-301F-11D3-BF4B-00C04F79EFBC}") = "Broiler.JavaScript.Network", "Broiler.JavaScript.Network\Broiler.JavaScript.Network.csproj", "{47967323-8D30-4FB3-BD20-5D4167420217}"
EndProject
Project("{FAE04EC0-301F-11D3-BF4B-00C04F79EFBC}") = "Broiler.JavaScript.NodePollyfill", "Broiler.JavaScript.NodePollyfill\Broiler.JavaScript.NodePollyfill.csproj", "{89D86863-B8AD-4B71-AEE0-1457355CDAA1}"
EndProject
Project("{FAE04EC0-301F-11D3-BF4B-00C04F79EFBC}") = "Broiler.JavaScript.ModuleExtensions", "Broiler.JavaScript.ModuleExtensions\Broiler.JavaScript.ModuleExtensions.csproj", "{E0510F5A-FB66-4922-9FDC-58A3A6613EBB}"
EndProject
Project("{FAE04EC0-301F-11D3-BF4B-00C04F79EFBC}") = "Broiler.JavaScript.Core.Tests", "Broiler.JavaScript.Core.Tests\Broiler.JavaScript.Core.Tests.csproj", "{F4FD4E77-1E05-4E0B-8676-6D391C577C08}"
EndProject
Project("{FAE04EC0-301F-11D3-BF4B-00C04F79EFBC}") = "Broiler.JavaScript.Ast.Tests", "Broiler.JavaScript.Ast.Tests\Broiler.JavaScript.Ast.Tests.csproj", "{22FFD9E9-4937-4B93-8E83-E048D494B17F}"
EndProject
Project("{FAE04EC0-301F-11D3-BF4B-00C04F79EFBC}") = "Broiler.JavaScript.Parser.Tests", "Broiler.JavaScript.Parser.Tests\Broiler.JavaScript.Parser.Tests.csproj", "{FBF26857-87D1-4CB2-8DF6-62964DD92F2A}"
EndProject
Project("{FAE04EC0-301F-11D3-BF4B-00C04F79EFBC}") = "Broiler.JavaScript.Storage.Tests", "Broiler.JavaScript.Storage.Tests\Broiler.JavaScript.Storage.Tests.csproj", "{603E022A-DCE8-429C-A0F2-88B8F2394AB5}"
EndProject
Project("{FAE04EC0-301F-11D3-BF4B-00C04F79EFBC}") = "Broiler.JavaScript.Debugger.Tests", "Broiler.JavaScript.Debugger.Tests\Broiler.JavaScript.Debugger.Tests.csproj", "{E83FA3FC-8113-4B7B-B8F5-B50BC36939AF}"
EndProject
Project("{2150E333-8FDC-42A3-9474-1A3956D46DE8}") = "OtherTests", "OtherTests", "{8CA59A59-8C38-3FBC-71BB-91FE4C8522D6}"
EndProject
Project("{FAE04EC0-301F-11D3-BF4B-00C04F79EFBC}") = "Broiler.JavaScript.Runtime", "Broiler.JavaScript.Runtime\Broiler.JavaScript.Runtime.csproj", "{3DD24E82-8A26-4148-9C4F-345813159065}"
EndProject
Project("{FAE04EC0-301F-11D3-BF4B-00C04F79EFBC}") = "Broiler.JavaScript.Clr", "Broiler.JavaScript.Clr\Broiler.JavaScript.Clr.csproj", "{88716440-6150-45D6-9DBE-248A6B54297A}"
EndProject
Project("{FAE04EC0-301F-11D3-BF4B-00C04F79EFBC}") = "Broiler.JavaScript.Clr.Tests", "Broiler.JavaScript.Clr.Tests\Broiler.JavaScript.Clr.Tests.csproj", "{2599B2EC-29A1-4013-B251-757A8AED7759}"
EndProject
Project("{FAE04EC0-301F-11D3-BF4B-00C04F79EFBC}") = "Broiler.JavaScript.Compiler", "Broiler.JavaScript.Compiler\Broiler.JavaScript.Compiler.csproj", "{FA5C9862-07EA-46A4-96F0-FC8BB873DD27}"
EndProject
Project("{FAE04EC0-301F-11D3-BF4B-00C04F79EFBC}") = "Broiler.JavaScript.Compiler.Tests", "Broiler.JavaScript.Compiler.Tests\Broiler.JavaScript.Compiler.Tests.csproj", "{B0F317D6-E97D-4910-A4D2-34E6CF4AAFE3}"
EndProject
Project("{FAE04EC0-301F-11D3-BF4B-00C04F79EFBC}") = "Broiler.JavaScript.Modules", "Broiler.JavaScript.Modules\Broiler.JavaScript.Modules.csproj", "{DF05F181-1F65-415A-A1E0-FD06C7D61B9D}"
EndProject
Project("{FAE04EC0-301F-11D3-BF4B-00C04F79EFBC}") = "Broiler.JavaScript.Modules.Tests", "Broiler.JavaScript.Modules.Tests\Broiler.JavaScript.Modules.Tests.csproj", "{2EA999BC-B1EF-4362-9E5B-6A50E2B5D683}"
EndProject
Project("{FAE04EC0-301F-11D3-BF4B-00C04F79EFBC}") = "Broiler.JavaScript.BuiltIns", "Broiler.JavaScript.BuiltIns\Broiler.JavaScript.BuiltIns.csproj", "{4C9CDD4E-D055-48BB-AA5C-4C7703844446}"
EndProject
Project("{FAE04EC0-301F-11D3-BF4B-00C04F79EFBC}") = "Broiler.JavaScript.BuiltIns.Tests", "Broiler.JavaScript.BuiltIns.Tests\Broiler.JavaScript.BuiltIns.Tests.csproj", "{1C0E55D7-965F-49BA-A607-E2DD9DCF3203}"
EndProject
Project("{FAE04EC0-301F-11D3-BF4B-00C04F79EFBC}") = "Broiler.JavaScript.Runtime.Tests", "Broiler.JavaScript.Runtime.Tests\Broiler.JavaScript.Runtime.Tests.csproj", "{73489648-2C01-439C-8154-D203A83E6616}"
EndProject
Project("{FAE04EC0-301F-11D3-BF4B-00C04F79EFBC}") = "Broiler.JavaScript.All", "Broiler.JavaScript.All\Broiler.JavaScript.All.csproj", "{376C40FF-CA8F-4C8E-9926-76128ABC10DB}"
EndProject
Project("{FAE04EC0-301F-11D3-BF4B-00C04F79EFBC}") = "Broiler.JavaScript.ModuleExtensions.Tests", "Broiler.JavaScript.ModuleExtensions.Tests\Broiler.JavaScript.ModuleExtensions.Tests.csproj", "{9F1CE032-61E5-4AE6-A280-FBF3B5C42DEC}"
EndProject
Project("{FAE04EC0-301F-11D3-BF4B-00C04F79EFBC}") = "Broiler.JavaScript.Integration.Tests", "Broiler.JavaScript.Integration.Tests\Broiler.JavaScript.Integration.Tests.csproj", "{0A789E91-3E33-401C-B3FB-329B680A84F8}"
EndProject
Global
	GlobalSection(SolutionConfigurationPlatforms) = preSolution
		Debug|Any CPU = Debug|Any CPU
		Debug|x64 = Debug|x64
		Debug|x86 = Debug|x86
		Release|Any CPU = Release|Any CPU
		Release|x64 = Release|x64
		Release|x86 = Release|x86
	EndGlobalSection
	GlobalSection(ProjectConfigurationPlatforms) = postSolution
		{75C8A8AC-7A81-46AE-AF4C-706BDC7AB6D6}.Debug|Any CPU.ActiveCfg = Debug|Any CPU
		{75C8A8AC-7A81-46AE-AF4C-706BDC7AB6D6}.Debug|Any CPU.Build.0 = Debug|Any CPU
		{75C8A8AC-7A81-46AE-AF4C-706BDC7AB6D6}.Debug|x64.ActiveCfg = Debug|Any CPU
		{75C8A8AC-7A81-46AE-AF4C-706BDC7AB6D6}.Debug|x64.Build.0 = Debug|Any CPU
		{75C8A8AC-7A81-46AE-AF4C-706BDC7AB6D6}.Debug|x86.ActiveCfg = Debug|Any CPU
		{75C8A8AC-7A81-46AE-AF4C-706BDC7AB6D6}.Debug|x86.Build.0 = Debug|Any CPU
		{75C8A8AC-7A81-46AE-AF4C-706BDC7AB6D6}.Release|Any CPU.ActiveCfg = Release|Any CPU
		{75C8A8AC-7A81-46AE-AF4C-706BDC7AB6D6}.Release|Any CPU.Build.0 = Release|Any CPU
		{75C8A8AC-7A81-46AE-AF4C-706BDC7AB6D6}.Release|x64.ActiveCfg = Release|Any CPU
		{75C8A8AC-7A81-46AE-AF4C-706BDC7AB6D6}.Release|x64.Build.0 = Release|Any CPU
		{75C8A8AC-7A81-46AE-AF4C-706BDC7AB6D6}.Release|x86.ActiveCfg = Release|Any CPU
		{75C8A8AC-7A81-46AE-AF4C-706BDC7AB6D6}.Release|x86.Build.0 = Release|Any CPU
		{0B8C110A-8B1B-41CD-88C9-D3317BD53F2B}.Debug|Any CPU.ActiveCfg = Debug|Any CPU
		{0B8C110A-8B1B-41CD-88C9-D3317BD53F2B}.Debug|Any CPU.Build.0 = Debug|Any CPU
		{0B8C110A-8B1B-41CD-88C9-D3317BD53F2B}.Debug|x64.ActiveCfg = Debug|Any CPU
		{0B8C110A-8B1B-41CD-88C9-D3317BD53F2B}.Debug|x64.Build.0 = Debug|Any CPU
		{0B8C110A-8B1B-41CD-88C9-D3317BD53F2B}.Debug|x86.ActiveCfg = Debug|Any CPU
		{0B8C110A-8B1B-41CD-88C9-D3317BD53F2B}.Debug|x86.Build.0 = Debug|Any CPU
		{0B8C110A-8B1B-41CD-88C9-D3317BD53F2B}.Release|Any CPU.ActiveCfg = Release|Any CPU
		{0B8C110A-8B1B-41CD-88C9-D3317BD53F2B}.Release|Any CPU.Build.0 = Release|Any CPU
		{0B8C110A-8B1B-41CD-88C9-D3317BD53F2B}.Release|x64.ActiveCfg = Release|Any CPU
		{0B8C110A-8B1B-41CD-88C9-D3317BD53F2B}.Release|x64.Build.0 = Release|Any CPU
		{0B8C110A-8B1B-41CD-88C9-D3317BD53F2B}.Release|x86.ActiveCfg = Release|Any CPU
		{0B8C110A-8B1B-41CD-88C9-D3317BD53F2B}.Release|x86.Build.0 = Release|Any CPU
		{C755D2E2-E26D-45A6-B6F6-8837873102A1}.Debug|Any CPU.ActiveCfg = Debug|Any CPU
		{C755D2E2-E26D-45A6-B6F6-8837873102A1}.Debug|Any CPU.Build.0 = Debug|Any CPU
		{C755D2E2-E26D-45A6-B6F6-8837873102A1}.Debug|x64.ActiveCfg = Debug|Any CPU
		{C755D2E2-E26D-45A6-B6F6-8837873102A1}.Debug|x64.Build.0 = Debug|Any CPU
		{C755D2E2-E26D-45A6-B6F6-8837873102A1}.Debug|x86.ActiveCfg = Debug|Any CPU
		{C755D2E2-E26D-45A6-B6F6-8837873102A1}.Debug|x86.Build.0 = Debug|Any CPU
		{C755D2E2-E26D-45A6-B6F6-8837873102A1}.Release|Any CPU.ActiveCfg = Release|Any CPU
		{C755D2E2-E26D-45A6-B6F6-8837873102A1}.Release|Any CPU.Build.0 = Release|Any CPU
		{C755D2E2-E26D-45A6-B6F6-8837873102A1}.Release|x64.ActiveCfg = Release|Any CPU
		{C755D2E2-E26D-45A6-B6F6-8837873102A1}.Release|x64.Build.0 = Release|Any CPU
		{C755D2E2-E26D-45A6-B6F6-8837873102A1}.Release|x86.ActiveCfg = Release|Any CPU
		{C755D2E2-E26D-45A6-B6F6-8837873102A1}.Release|x86.Build.0 = Release|Any CPU
		{CF12EB27-8A66-44C9-A4B0-12F7D2C64352}.Debug|Any CPU.ActiveCfg = Debug|Any CPU
		{CF12EB27-8A66-44C9-A4B0-12F7D2C64352}.Debug|Any CPU.Build.0 = Debug|Any CPU
		{CF12EB27-8A66-44C9-A4B0-12F7D2C64352}.Debug|x64.ActiveCfg = Debug|Any CPU
		{CF12EB27-8A66-44C9-A4B0-12F7D2C64352}.Debug|x64.Build.0 = Debug|Any CPU
		{CF12EB27-8A66-44C9-A4B0-12F7D2C64352}.Debug|x86.ActiveCfg = Debug|Any CPU
		{CF12EB27-8A66-44C9-A4B0-12F7D2C64352}.Debug|x86.Build.0 = Debug|Any CPU
		{CF12EB27-8A66-44C9-A4B0-12F7D2C64352}.Release|Any CPU.ActiveCfg = Release|Any CPU
		{CF12EB27-8A66-44C9-A4B0-12F7D2C64352}.Release|Any CPU.Build.0 = Release|Any CPU
		{CF12EB27-8A66-44C9-A4B0-12F7D2C64352}.Release|x64.ActiveCfg = Release|Any CPU
		{CF12EB27-8A66-44C9-A4B0-12F7D2C64352}.Release|x64.Build.0 = Release|Any CPU
		{CF12EB27-8A66-44C9-A4B0-12F7D2C64352}.Release|x86.ActiveCfg = Release|Any CPU
		{CF12EB27-8A66-44C9-A4B0-12F7D2C64352}.Release|x86.Build.0 = Release|Any CPU
		{7674B1F8-9387-407B-AE4F-44D3386B5311}.Debug|Any CPU.ActiveCfg = Debug|Any CPU
		{7674B1F8-9387-407B-AE4F-44D3386B5311}.Debug|Any CPU.Build.0 = Debug|Any CPU
		{7674B1F8-9387-407B-AE4F-44D3386B5311}.Debug|x64.ActiveCfg = Debug|Any CPU
		{7674B1F8-9387-407B-AE4F-44D3386B5311}.Debug|x64.Build.0 = Debug|Any CPU
		{7674B1F8-9387-407B-AE4F-44D3386B5311}.Debug|x86.ActiveCfg = Debug|Any CPU
		{7674B1F8-9387-407B-AE4F-44D3386B5311}.Debug|x86.Build.0 = Debug|Any CPU
		{7674B1F8-9387-407B-AE4F-44D3386B5311}.Release|Any CPU.ActiveCfg = Release|Any CPU
		{7674B1F8-9387-407B-AE4F-44D3386B5311}.Release|Any CPU.Build.0 = Release|Any CPU
		{7674B1F8-9387-407B-AE4F-44D3386B5311}.Release|x64.ActiveCfg = Release|Any CPU
		{7674B1F8-9387-407B-AE4F-44D3386B5311}.Release|x64.Build.0 = Release|Any CPU
		{7674B1F8-9387-407B-AE4F-44D3386B5311}.Release|x86.ActiveCfg = Release|Any CPU
		{7674B1F8-9387-407B-AE4F-44D3386B5311}.Release|x86.Build.0 = Release|Any CPU
		{52F4B516-F2F4-41D7-9D2A-C78F05946C2E}.Debug|Any CPU.ActiveCfg = Debug|Any CPU
		{52F4B516-F2F4-41D7-9D2A-C78F05946C2E}.Debug|Any CPU.Build.0 = Debug|Any CPU
		{52F4B516-F2F4-41D7-9D2A-C78F05946C2E}.Debug|x64.ActiveCfg = Debug|Any CPU
		{52F4B516-F2F4-41D7-9D2A-C78F05946C2E}.Debug|x64.Build.0 = Debug|Any CPU
		{52F4B516-F2F4-41D7-9D2A-C78F05946C2E}.Debug|x86.ActiveCfg = Debug|Any CPU
		{52F4B516-F2F4-41D7-9D2A-C78F05946C2E}.Debug|x86.Build.0 = Debug|Any CPU
		{52F4B516-F2F4-41D7-9D2A-C78F05946C2E}.Release|Any CPU.ActiveCfg = Release|Any CPU
		{52F4B516-F2F4-41D7-9D2A-C78F05946C2E}.Release|Any CPU.Build.0 = Release|Any CPU
		{52F4B516-F2F4-41D7-9D2A-C78F05946C2E}.Release|x64.ActiveCfg = Release|Any CPU
		{52F4B516-F2F4-41D7-9D2A-C78F05946C2E}.Release|x64.Build.0 = Release|Any CPU
		{52F4B516-F2F4-41D7-9D2A-C78F05946C2E}.Release|x86.ActiveCfg = Release|Any CPU
		{52F4B516-F2F4-41D7-9D2A-C78F05946C2E}.Release|x86.Build.0 = Release|Any CPU
		{3D5B1A84-8B2D-4F5C-9F52-B8C3280419B3}.Debug|Any CPU.ActiveCfg = Debug|Any CPU
		{3D5B1A84-8B2D-4F5C-9F52-B8C3280419B3}.Debug|Any CPU.Build.0 = Debug|Any CPU
		{3D5B1A84-8B2D-4F5C-9F52-B8C3280419B3}.Debug|x64.ActiveCfg = Debug|Any CPU
		{3D5B1A84-8B2D-4F5C-9F52-B8C3280419B3}.Debug|x64.Build.0 = Debug|Any CPU
		{3D5B1A84-8B2D-4F5C-9F52-B8C3280419B3}.Debug|x86.ActiveCfg = Debug|Any CPU
		{3D5B1A84-8B2D-4F5C-9F52-B8C3280419B3}.Debug|x86.Build.0 = Debug|Any CPU
		{3D5B1A84-8B2D-4F5C-9F52-B8C3280419B3}.Release|Any CPU.ActiveCfg = Release|Any CPU
		{3D5B1A84-8B2D-4F5C-9F52-B8C3280419B3}.Release|Any CPU.Build.0 = Release|Any CPU
		{3D5B1A84-8B2D-4F5C-9F52-B8C3280419B3}.Release|x64.ActiveCfg = Release|Any CPU
		{3D5B1A84-8B2D-4F5C-9F52-B8C3280419B3}.Release|x64.Build.0 = Release|Any CPU
		{3D5B1A84-8B2D-4F5C-9F52-B8C3280419B3}.Release|x86.ActiveCfg = Release|Any CPU
		{3D5B1A84-8B2D-4F5C-9F52-B8C3280419B3}.Release|x86.Build.0 = Release|Any CPU
		{CBA1A13E-C57D-442D-A8E1-CD40BCA7C9EC}.Debug|Any CPU.ActiveCfg = Debug|Any CPU
		{CBA1A13E-C57D-442D-A8E1-CD40BCA7C9EC}.Debug|Any CPU.Build.0 = Debug|Any CPU
		{CBA1A13E-C57D-442D-A8E1-CD40BCA7C9EC}.Debug|x64.ActiveCfg = Debug|Any CPU
		{CBA1A13E-C57D-442D-A8E1-CD40BCA7C9EC}.Debug|x64.Build.0 = Debug|Any CPU
		{CBA1A13E-C57D-442D-A8E1-CD40BCA7C9EC}.Debug|x86.ActiveCfg = Debug|Any CPU
		{CBA1A13E-C57D-442D-A8E1-CD40BCA7C9EC}.Debug|x86.Build.0 = Debug|Any CPU
		{CBA1A13E-C57D-442D-A8E1-CD40BCA7C9EC}.Release|Any CPU.ActiveCfg = Release|Any CPU
		{CBA1A13E-C57D-442D-A8E1-CD40BCA7C9EC}.Release|Any CPU.Build.0 = Release|Any CPU
		{CBA1A13E-C57D-442D-A8E1-CD40BCA7C9EC}.Release|x64.ActiveCfg = Release|Any CPU
		{CBA1A13E-C57D-442D-A8E1-CD40BCA7C9EC}.Release|x64.Build.0 = Release|Any CPU
		{CBA1A13E-C57D-442D-A8E1-CD40BCA7C9EC}.Release|x86.ActiveCfg = Release|Any CPU
		{CBA1A13E-C57D-442D-A8E1-CD40BCA7C9EC}.Release|x86.Build.0 = Release|Any CPU
		{61CFDF7E-6924-452A-8D8E-0C1D397AA43A}.Debug|Any CPU.ActiveCfg = Debug|Any CPU
		{61CFDF7E-6924-452A-8D8E-0C1D397AA43A}.Debug|Any CPU.Build.0 = Debug|Any CPU
		{61CFDF7E-6924-452A-8D8E-0C1D397AA43A}.Debug|x64.ActiveCfg = Debug|Any CPU
		{61CFDF7E-6924-452A-8D8E-0C1D397AA43A}.Debug|x64.Build.0 = Debug|Any CPU
		{61CFDF7E-6924-452A-8D8E-0C1D397AA43A}.Debug|x86.ActiveCfg = Debug|Any CPU
		{61CFDF7E-6924-452A-8D8E-0C1D397AA43A}.Debug|x86.Build.0 = Debug|Any CPU
		{61CFDF7E-6924-452A-8D8E-0C1D397AA43A}.Release|Any CPU.ActiveCfg = Release|Any CPU
		{61CFDF7E-6924-452A-8D8E-0C1D397AA43A}.Release|Any CPU.Build.0 = Release|Any CPU
		{61CFDF7E-6924-452A-8D8E-0C1D397AA43A}.Release|x64.ActiveCfg = Release|Any CPU
		{61CFDF7E-6924-452A-8D8E-0C1D397AA43A}.Release|x64.Build.0 = Release|Any CPU
		{61CFDF7E-6924-452A-8D8E-0C1D397AA43A}.Release|x86.ActiveCfg = Release|Any CPU
		{61CFDF7E-6924-452A-8D8E-0C1D397AA43A}.Release|x86.Build.0 = Release|Any CPU
		{47967323-8D30-4FB3-BD20-5D4167420217}.Debug|Any CPU.ActiveCfg = Debug|Any CPU
		{47967323-8D30-4FB3-BD20-5D4167420217}.Debug|Any CPU.Build.0 = Debug|Any CPU
		{47967323-8D30-4FB3-BD20-5D4167420217}.Debug|x64.ActiveCfg = Debug|Any CPU
		{47967323-8D30-4FB3-BD20-5D4167420217}.Debug|x64.Build.0 = Debug|Any CPU
		{47967323-8D30-4FB3-BD20-5D4167420217}.Debug|x86.ActiveCfg = Debug|Any CPU
		{47967323-8D30-4FB3-BD20-5D4167420217}.Debug|x86.Build.0 = Debug|Any CPU
		{47967323-8D30-4FB3-BD20-5D4167420217}.Release|Any CPU.ActiveCfg = Release|Any CPU
		{47967323-8D30-4FB3-BD20-5D4167420217}.Release|Any CPU.Build.0 = Release|Any CPU
		{47967323-8D30-4FB3-BD20-5D4167420217}.Release|x64.ActiveCfg = Release|Any CPU
		{47967323-8D30-4FB3-BD20-5D4167420217}.Release|x64.Build.0 = Release|Any CPU
		{47967323-8D30-4FB3-BD20-5D4167420217}.Release|x86.ActiveCfg = Release|Any CPU
		{47967323-8D30-4FB3-BD20-5D4167420217}.Release|x86.Build.0 = Release|Any CPU
		{89D86863-B8AD-4B71-AEE0-1457355CDAA1}.Debug|Any CPU.ActiveCfg = Debug|Any CPU
		{89D86863-B8AD-4B71-AEE0-1457355CDAA1}.Debug|Any CPU.Build.0 = Debug|Any CPU
		{89D86863-B8AD-4B71-AEE0-1457355CDAA1}.Debug|x64.ActiveCfg = Debug|Any CPU
		{89D86863-B8AD-4B71-AEE0-1457355CDAA1}.Debug|x64.Build.0 = Debug|Any CPU
		{89D86863-B8AD-4B71-AEE0-1457355CDAA1}.Debug|x86.ActiveCfg = Debug|Any CPU
		{89D86863-B8AD-4B71-AEE0-1457355CDAA1}.Debug|x86.Build.0 = Debug|Any CPU
		{89D86863-B8AD-4B71-AEE0-1457355CDAA1}.Release|Any CPU.ActiveCfg = Release|Any CPU
		{89D86863-B8AD-4B71-AEE0-1457355CDAA1}.Release|Any CPU.Build.0 = Release|Any CPU
		{89D86863-B8AD-4B71-AEE0-1457355CDAA1}.Release|x64.ActiveCfg = Release|Any CPU
		{89D86863-B8AD-4B71-AEE0-1457355CDAA1}.Release|x64.Build.0 = Release|Any CPU
		{89D86863-B8AD-4B71-AEE0-1457355CDAA1}.Release|x86.ActiveCfg = Release|Any CPU
		{89D86863-B8AD-4B71-AEE0-1457355CDAA1}.Release|x86.Build.0 = Release|Any CPU
		{E0510F5A-FB66-4922-9FDC-58A3A6613EBB}.Debug|Any CPU.ActiveCfg = Debug|Any CPU
		{E0510F5A-FB66-4922-9FDC-58A3A6613EBB}.Debug|Any CPU.Build.0 = Debug|Any CPU
		{E0510F5A-FB66-4922-9FDC-58A3A6613EBB}.Debug|x64.ActiveCfg = Debug|Any CPU
		{E0510F5A-FB66-4922-9FDC-58A3A6613EBB}.Debug|x64.Build.0 = Debug|Any CPU
		{E0510F5A-FB66-4922-9FDC-58A3A6613EBB}.Debug|x86.ActiveCfg = Debug|Any CPU
		{E0510F5A-FB66-4922-9FDC-58A3A6613EBB}.Debug|x86.Build.0 = Debug|Any CPU
		{E0510F5A-FB66-4922-9FDC-58A3A6613EBB}.Release|Any CPU.ActiveCfg = Release|Any CPU
		{E0510F5A-FB66-4922-9FDC-58A3A6613EBB}.Release|Any CPU.Build.0 = Release|Any CPU
		{E0510F5A-FB66-4922-9FDC-58A3A6613EBB}.Release|x64.ActiveCfg = Release|Any CPU
		{E0510F5A-FB66-4922-9FDC-58A3A6613EBB}.Release|x64.Build.0 = Release|Any CPU
		{E0510F5A-FB66-4922-9FDC-58A3A6613EBB}.Release|x86.ActiveCfg = Release|Any CPU
		{E0510F5A-FB66-4922-9FDC-58A3A6613EBB}.Release|x86.Build.0 = Release|Any CPU
		{F4FD4E77-1E05-4E0B-8676-6D391C577C08}.Debug|Any CPU.ActiveCfg = Debug|Any CPU
		{F4FD4E77-1E05-4E0B-8676-6D391C577C08}.Debug|Any CPU.Build.0 = Debug|Any CPU
		{F4FD4E77-1E05-4E0B-8676-6D391C577C08}.Debug|x64.ActiveCfg = Debug|Any CPU
		{F4FD4E77-1E05-4E0B-8676-6D391C577C08}.Debug|x64.Build.0 = Debug|Any CPU
		{F4FD4E77-1E05-4E0B-8676-6D391C577C08}.Debug|x86.ActiveCfg = Debug|Any CPU
		{F4FD4E77-1E05-4E0B-8676-6D391C577C08}.Debug|x86.Build.0 = Debug|Any CPU
		{F4FD4E77-1E05-4E0B-8676-6D391C577C08}.Release|Any CPU.ActiveCfg = Release|Any CPU
		{F4FD4E77-1E05-4E0B-8676-6D391C577C08}.Release|Any CPU.Build.0 = Release|Any CPU
		{F4FD4E77-1E05-4E0B-8676-6D391C577C08}.Release|x64.ActiveCfg = Release|Any CPU
		{F4FD4E77-1E05-4E0B-8676-6D391C577C08}.Release|x64.Build.0 = Release|Any CPU
		{F4FD4E77-1E05-4E0B-8676-6D391C577C08}.Release|x86.ActiveCfg = Release|Any CPU
		{F4FD4E77-1E05-4E0B-8676-6D391C577C08}.Release|x86.Build.0 = Release|Any CPU
		{22FFD9E9-4937-4B93-8E83-E048D494B17F}.Debug|Any CPU.ActiveCfg = Debug|Any CPU
		{22FFD9E9-4937-4B93-8E83-E048D494B17F}.Debug|Any CPU.Build.0 = Debug|Any CPU
		{22FFD9E9-4937-4B93-8E83-E048D494B17F}.Debug|x64.ActiveCfg = Debug|Any CPU
		{22FFD9E9-4937-4B93-8E83-E048D494B17F}.Debug|x64.Build.0 = Debug|Any CPU
		{22FFD9E9-4937-4B93-8E83-E048D494B17F}.Debug|x86.ActiveCfg = Debug|Any CPU
		{22FFD9E9-4937-4B93-8E83-E048D494B17F}.Debug|x86.Build.0 = Debug|Any CPU
		{22FFD9E9-4937-4B93-8E83-E048D494B17F}.Release|Any CPU.ActiveCfg = Release|Any CPU
		{22FFD9E9-4937-4B93-8E83-E048D494B17F}.Release|Any CPU.Build.0 = Release|Any CPU
		{22FFD9E9-4937-4B93-8E83-E048D494B17F}.Release|x64.ActiveCfg = Release|Any CPU
		{22FFD9E9-4937-4B93-8E83-E048D494B17F}.Release|x64.Build.0 = Release|Any CPU
		{22FFD9E9-4937-4B93-8E83-E048D494B17F}.Release|x86.ActiveCfg = Release|Any CPU
		{22FFD9E9-4937-4B93-8E83-E048D494B17F}.Release|x86.Build.0 = Release|Any CPU
		{FBF26857-87D1-4CB2-8DF6-62964DD92F2A}.Debug|Any CPU.ActiveCfg = Debug|Any CPU
		{FBF26857-87D1-4CB2-8DF6-62964DD92F2A}.Debug|Any CPU.Build.0 = Debug|Any CPU
		{FBF26857-87D1-4CB2-8DF6-62964DD92F2A}.Debug|x64.ActiveCfg = Debug|Any CPU
		{FBF26857-87D1-4CB2-8DF6-62964DD92F2A}.Debug|x64.Build.0 = Debug|Any CPU
		{FBF26857-87D1-4CB2-8DF6-62964DD92F2A}.Debug|x86.ActiveCfg = Debug|Any CPU
		{FBF26857-87D1-4CB2-8DF6-62964DD92F2A}.Debug|x86.Build.0 = Debug|Any CPU
		{FBF26857-87D1-4CB2-8DF6-62964DD92F2A}.Release|Any CPU.ActiveCfg = Release|Any CPU
		{FBF26857-87D1-4CB2-8DF6-62964DD92F2A}.Release|Any CPU.Build.0 = Release|Any CPU
		{FBF26857-87D1-4CB2-8DF6-62964DD92F2A}.Release|x64.ActiveCfg = Release|Any CPU
		{FBF26857-87D1-4CB2-8DF6-62964DD92F2A}.Release|x64.Build.0 = Release|Any CPU
		{FBF26857-87D1-4CB2-8DF6-62964DD92F2A}.Release|x86.ActiveCfg = Release|Any CPU
		{FBF26857-87D1-4CB2-8DF6-62964DD92F2A}.Release|x86.Build.0 = Release|Any CPU
		{603E022A-DCE8-429C-A0F2-88B8F2394AB5}.Debug|Any CPU.ActiveCfg = Debug|Any CPU
		{603E022A-DCE8-429C-A0F2-88B8F2394AB5}.Debug|Any CPU.Build.0 = Debug|Any CPU
		{603E022A-DCE8-429C-A0F2-88B8F2394AB5}.Debug|x64.ActiveCfg = Debug|Any CPU
		{603E022A-DCE8-429C-A0F2-88B8F2394AB5}.Debug|x64.Build.0 = Debug|Any CPU
		{603E022A-DCE8-429C-A0F2-88B8F2394AB5}.Debug|x86.ActiveCfg = Debug|Any CPU
		{603E022A-DCE8-429C-A0F2-88B8F2394AB5}.Debug|x86.Build.0 = Debug|Any CPU
		{603E022A-DCE8-429C-A0F2-88B8F2394AB5}.Release|Any CPU.ActiveCfg = Release|Any CPU
		{603E022A-DCE8-429C-A0F2-88B8F2394AB5}.Release|Any CPU.Build.0 = Release|Any CPU
		{603E022A-DCE8-429C-A0F2-88B8F2394AB5}.Release|x64.ActiveCfg = Release|Any CPU
		{603E022A-DCE8-429C-A0F2-88B8F2394AB5}.Release|x64.Build.0 = Release|Any CPU
		{603E022A-DCE8-429C-A0F2-88B8F2394AB5}.Release|x86.ActiveCfg = Release|Any CPU
		{603E022A-DCE8-429C-A0F2-88B8F2394AB5}.Release|x86.Build.0 = Release|Any CPU
		{E83FA3FC-8113-4B7B-B8F5-B50BC36939AF}.Debug|Any CPU.ActiveCfg = Debug|Any CPU
		{E83FA3FC-8113-4B7B-B8F5-B50BC36939AF}.Debug|Any CPU.Build.0 = Debug|Any CPU
		{E83FA3FC-8113-4B7B-B8F5-B50BC36939AF}.Debug|x64.ActiveCfg = Debug|Any CPU
		{E83FA3FC-8113-4B7B-B8F5-B50BC36939AF}.Debug|x64.Build.0 = Debug|Any CPU
		{E83FA3FC-8113-4B7B-B8F5-B50BC36939AF}.Debug|x86.ActiveCfg = Debug|Any CPU
		{E83FA3FC-8113-4B7B-B8F5-B50BC36939AF}.Debug|x86.Build.0 = Debug|Any CPU
		{E83FA3FC-8113-4B7B-B8F5-B50BC36939AF}.Release|Any CPU.ActiveCfg = Release|Any CPU
		{E83FA3FC-8113-4B7B-B8F5-B50BC36939AF}.Release|Any CPU.Build.0 = Release|Any CPU
		{E83FA3FC-8113-4B7B-B8F5-B50BC36939AF}.Release|x64.ActiveCfg = Release|Any CPU
		{E83FA3FC-8113-4B7B-B8F5-B50BC36939AF}.Release|x64.Build.0 = Release|Any CPU
		{E83FA3FC-8113-4B7B-B8F5-B50BC36939AF}.Release|x86.ActiveCfg = Release|Any CPU
		{E83FA3FC-8113-4B7B-B8F5-B50BC36939AF}.Release|x86.Build.0 = Release|Any CPU
		{3DD24E82-8A26-4148-9C4F-345813159065}.Debug|Any CPU.ActiveCfg = Debug|Any CPU
		{3DD24E82-8A26-4148-9C4F-345813159065}.Debug|Any CPU.Build.0 = Debug|Any CPU
		{3DD24E82-8A26-4148-9C4F-345813159065}.Debug|x64.ActiveCfg = Debug|Any CPU
		{3DD24E82-8A26-4148-9C4F-345813159065}.Debug|x64.Build.0 = Debug|Any CPU
		{3DD24E82-8A26-4148-9C4F-345813159065}.Debug|x86.ActiveCfg = Debug|Any CPU
		{3DD24E82-8A26-4148-9C4F-345813159065}.Debug|x86.Build.0 = Debug|Any CPU
		{3DD24E82-8A26-4148-9C4F-345813159065}.Release|Any CPU.ActiveCfg = Release|Any CPU
		{3DD24E82-8A26-4148-9C4F-345813159065}.Release|Any CPU.Build.0 = Release|Any CPU
		{3DD24E82-8A26-4148-9C4F-345813159065}.Release|x64.ActiveCfg = Release|Any CPU
		{3DD24E82-8A26-4148-9C4F-345813159065}.Release|x64.Build.0 = Release|Any CPU
		{3DD24E82-8A26-4148-9C4F-345813159065}.Release|x86.ActiveCfg = Release|Any CPU
		{3DD24E82-8A26-4148-9C4F-345813159065}.Release|x86.Build.0 = Release|Any CPU
		{88716440-6150-45D6-9DBE-248A6B54297A}.Debug|Any CPU.ActiveCfg = Debug|Any CPU
		{88716440-6150-45D6-9DBE-248A6B54297A}.Debug|Any CPU.Build.0 = Debug|Any CPU
		{88716440-6150-45D6-9DBE-248A6B54297A}.Debug|x64.ActiveCfg = Debug|Any CPU
		{88716440-6150-45D6-9DBE-248A6B54297A}.Debug|x64.Build.0 = Debug|Any CPU
		{88716440-6150-45D6-9DBE-248A6B54297A}.Debug|x86.ActiveCfg = Debug|Any CPU
		{88716440-6150-45D6-9DBE-248A6B54297A}.Debug|x86.Build.0 = Debug|Any CPU
		{88716440-6150-45D6-9DBE-248A6B54297A}.Release|Any CPU.ActiveCfg = Release|Any CPU
		{88716440-6150-45D6-9DBE-248A6B54297A}.Release|Any CPU.Build.0 = Release|Any CPU
		{88716440-6150-45D6-9DBE-248A6B54297A}.Release|x64.ActiveCfg = Release|Any CPU
		{88716440-6150-45D6-9DBE-248A6B54297A}.Release|x64.Build.0 = Release|Any CPU
		{88716440-6150-45D6-9DBE-248A6B54297A}.Release|x86.ActiveCfg = Release|Any CPU
		{88716440-6150-45D6-9DBE-248A6B54297A}.Release|x86.Build.0 = Release|Any CPU
		{2599B2EC-29A1-4013-B251-757A8AED7759}.Debug|Any CPU.ActiveCfg = Debug|Any CPU
		{2599B2EC-29A1-4013-B251-757A8AED7759}.Debug|Any CPU.Build.0 = Debug|Any CPU
		{2599B2EC-29A1-4013-B251-757A8AED7759}.Debug|x64.ActiveCfg = Debug|Any CPU
		{2599B2EC-29A1-4013-B251-757A8AED7759}.Debug|x64.Build.0 = Debug|Any CPU
		{2599B2EC-29A1-4013-B251-757A8AED7759}.Debug|x86.ActiveCfg = Debug|Any CPU
		{2599B2EC-29A1-4013-B251-757A8AED7759}.Debug|x86.Build.0 = Debug|Any CPU
		{2599B2EC-29A1-4013-B251-757A8AED7759}.Release|Any CPU.ActiveCfg = Release|Any CPU
		{2599B2EC-29A1-4013-B251-757A8AED7759}.Release|Any CPU.Build.0 = Release|Any CPU
		{2599B2EC-29A1-4013-B251-757A8AED7759}.Release|x64.ActiveCfg = Release|Any CPU
		{2599B2EC-29A1-4013-B251-757A8AED7759}.Release|x64.Build.0 = Release|Any CPU
		{2599B2EC-29A1-4013-B251-757A8AED7759}.Release|x86.ActiveCfg = Release|Any CPU
		{2599B2EC-29A1-4013-B251-757A8AED7759}.Release|x86.Build.0 = Release|Any CPU
		{FA5C9862-07EA-46A4-96F0-FC8BB873DD27}.Debug|Any CPU.ActiveCfg = Debug|Any CPU
		{FA5C9862-07EA-46A4-96F0-FC8BB873DD27}.Debug|Any CPU.Build.0 = Debug|Any CPU
		{FA5C9862-07EA-46A4-96F0-FC8BB873DD27}.Debug|x64.ActiveCfg = Debug|Any CPU
		{FA5C9862-07EA-46A4-96F0-FC8BB873DD27}.Debug|x64.Build.0 = Debug|Any CPU
		{FA5C9862-07EA-46A4-96F0-FC8BB873DD27}.Debug|x86.ActiveCfg = Debug|Any CPU
		{FA5C9862-07EA-46A4-96F0-FC8BB873DD27}.Debug|x86.Build.0 = Debug|Any CPU
		{FA5C9862-07EA-46A4-96F0-FC8BB873DD27}.Release|Any CPU.ActiveCfg = Release|Any CPU
		{FA5C9862-07EA-46A4-96F0-FC8BB873DD27}.Release|Any CPU.Build.0 = Release|Any CPU
		{FA5C9862-07EA-46A4-96F0-FC8BB873DD27}.Release|x64.ActiveCfg = Release|Any CPU
		{FA5C9862-07EA-46A4-96F0-FC8BB873DD27}.Release|x64.Build.0 = Release|Any CPU
		{FA5C9862-07EA-46A4-96F0-FC8BB873DD27}.Release|x86.ActiveCfg = Release|Any CPU
		{FA5C9862-07EA-46A4-96F0-FC8BB873DD27}.Release|x86.Build.0 = Release|Any CPU
		{B0F317D6-E97D-4910-A4D2-34E6CF4AAFE3}.Debug|Any CPU.ActiveCfg = Debug|Any CPU
		{B0F317D6-E97D-4910-A4D2-34E6CF4AAFE3}.Debug|Any CPU.Build.0 = Debug|Any CPU
		{B0F317D6-E97D-4910-A4D2-34E6CF4AAFE3}.Debug|x64.ActiveCfg = Debug|Any CPU
		{B0F317D6-E97D-4910-A4D2-34E6CF4AAFE3}.Debug|x64.Build.0 = Debug|Any CPU
		{B0F317D6-E97D-4910-A4D2-34E6CF4AAFE3}.Debug|x86.ActiveCfg = Debug|Any CPU
		{B0F317D6-E97D-4910-A4D2-34E6CF4AAFE3}.Debug|x86.Build.0 = Debug|Any CPU
		{B0F317D6-E97D-4910-A4D2-34E6CF4AAFE3}.Release|Any CPU.ActiveCfg = Release|Any CPU
		{B0F317D6-E97D-4910-A4D2-34E6CF4AAFE3}.Release|Any CPU.Build.0 = Release|Any CPU
		{B0F317D6-E97D-4910-A4D2-34E6CF4AAFE3}.Release|x64.ActiveCfg = Release|Any CPU
		{B0F317D6-E97D-4910-A4D2-34E6CF4AAFE3}.Release|x64.Build.0 = Release|Any CPU
		{B0F317D6-E97D-4910-A4D2-34E6CF4AAFE3}.Release|x86.ActiveCfg = Release|Any CPU
		{B0F317D6-E97D-4910-A4D2-34E6CF4AAFE3}.Release|x86.Build.0 = Release|Any CPU
		{DF05F181-1F65-415A-A1E0-FD06C7D61B9D}.Debug|Any CPU.ActiveCfg = Debug|Any CPU
		{DF05F181-1F65-415A-A1E0-FD06C7D61B9D}.Debug|Any CPU.Build.0 = Debug|Any CPU
		{DF05F181-1F65-415A-A1E0-FD06C7D61B9D}.Debug|x64.ActiveCfg = Debug|Any CPU
		{DF05F181-1F65-415A-A1E0-FD06C7D61B9D}.Debug|x64.Build.0 = Debug|Any CPU
		{DF05F181-1F65-415A-A1E0-FD06C7D61B9D}.Debug|x86.ActiveCfg = Debug|Any CPU
		{DF05F181-1F65-415A-A1E0-FD06C7D61B9D}.Debug|x86.Build.0 = Debug|Any CPU
		{DF05F181-1F65-415A-A1E0-FD06C7D61B9D}.Release|Any CPU.ActiveCfg = Release|Any CPU
		{DF05F181-1F65-415A-A1E0-FD06C7D61B9D}.Release|Any CPU.Build.0 = Release|Any CPU
		{DF05F181-1F65-415A-A1E0-FD06C7D61B9D}.Release|x64.ActiveCfg = Release|Any CPU
		{DF05F181-1F65-415A-A1E0-FD06C7D61B9D}.Release|x64.Build.0 = Release|Any CPU
		{DF05F181-1F65-415A-A1E0-FD06C7D61B9D}.Release|x86.ActiveCfg = Release|Any CPU
		{DF05F181-1F65-415A-A1E0-FD06C7D61B9D}.Release|x86.Build.0 = Release|Any CPU
		{2EA999BC-B1EF-4362-9E5B-6A50E2B5D683}.Debug|Any CPU.ActiveCfg = Debug|Any CPU
		{2EA999BC-B1EF-4362-9E5B-6A50E2B5D683}.Debug|Any CPU.Build.0 = Debug|Any CPU
		{2EA999BC-B1EF-4362-9E5B-6A50E2B5D683}.Debug|x64.ActiveCfg = Debug|Any CPU
		{2EA999BC-B1EF-4362-9E5B-6A50E2B5D683}.Debug|x64.Build.0 = Debug|Any CPU
		{2EA999BC-B1EF-4362-9E5B-6A50E2B5D683}.Debug|x86.ActiveCfg = Debug|Any CPU
		{2EA999BC-B1EF-4362-9E5B-6A50E2B5D683}.Debug|x86.Build.0 = Debug|Any CPU
		{2EA999BC-B1EF-4362-9E5B-6A50E2B5D683}.Release|Any CPU.ActiveCfg = Release|Any CPU
		{2EA999BC-B1EF-4362-9E5B-6A50E2B5D683}.Release|Any CPU.Build.0 = Release|Any CPU
		{2EA999BC-B1EF-4362-9E5B-6A50E2B5D683}.Release|x64.ActiveCfg = Release|Any CPU
		{2EA999BC-B1EF-4362-9E5B-6A50E2B5D683}.Release|x64.Build.0 = Release|Any CPU
		{2EA999BC-B1EF-4362-9E5B-6A50E2B5D683}.Release|x86.ActiveCfg = Release|Any CPU
		{2EA999BC-B1EF-4362-9E5B-6A50E2B5D683}.Release|x86.Build.0 = Release|Any CPU
		{4C9CDD4E-D055-48BB-AA5C-4C7703844446}.Debug|Any CPU.ActiveCfg = Debug|Any CPU
		{4C9CDD4E-D055-48BB-AA5C-4C7703844446}.Debug|Any CPU.Build.0 = Debug|Any CPU
		{4C9CDD4E-D055-48BB-AA5C-4C7703844446}.Debug|x64.ActiveCfg = Debug|Any CPU
		{4C9CDD4E-D055-48BB-AA5C-4C7703844446}.Debug|x64.Build.0 = Debug|Any CPU
		{4C9CDD4E-D055-48BB-AA5C-4C7703844446}.Debug|x86.ActiveCfg = Debug|Any CPU
		{4C9CDD4E-D055-48BB-AA5C-4C7703844446}.Debug|x86.Build.0 = Debug|Any CPU
		{4C9CDD4E-D055-48BB-AA5C-4C7703844446}.Release|Any CPU.ActiveCfg = Release|Any CPU
		{4C9CDD4E-D055-48BB-AA5C-4C7703844446}.Release|Any CPU.Build.0 = Release|Any CPU
		{4C9CDD4E-D055-48BB-AA5C-4C7703844446}.Release|x64.ActiveCfg = Release|Any CPU
		{4C9CDD4E-D055-48BB-AA5C-4C7703844446}.Release|x64.Build.0 = Release|Any CPU
		{4C9CDD4E-D055-48BB-AA5C-4C7703844446}.Release|x86.ActiveCfg = Release|Any CPU
		{4C9CDD4E-D055-48BB-AA5C-4C7703844446}.Release|x86.Build.0 = Release|Any CPU
		{1C0E55D7-965F-49BA-A607-E2DD9DCF3203}.Debug|Any CPU.ActiveCfg = Debug|Any CPU
		{1C0E55D7-965F-49BA-A607-E2DD9DCF3203}.Debug|Any CPU.Build.0 = Debug|Any CPU
		{1C0E55D7-965F-49BA-A607-E2DD9DCF3203}.Debug|x64.ActiveCfg = Debug|Any CPU
		{1C0E55D7-965F-49BA-A607-E2DD9DCF3203}.Debug|x64.Build.0 = Debug|Any CPU
		{1C0E55D7-965F-49BA-A607-E2DD9DCF3203}.Debug|x86.ActiveCfg = Debug|Any CPU
		{1C0E55D7-965F-49BA-A607-E2DD9DCF3203}.Debug|x86.Build.0 = Debug|Any CPU
		{1C0E55D7-965F-49BA-A607-E2DD9DCF3203}.Release|Any CPU.ActiveCfg = Release|Any CPU
		{1C0E55D7-965F-49BA-A607-E2DD9DCF3203}.Release|Any CPU.Build.0 = Release|Any CPU
		{1C0E55D7-965F-49BA-A607-E2DD9DCF3203}.Release|x64.ActiveCfg = Release|Any CPU
		{1C0E55D7-965F-49BA-A607-E2DD9DCF3203}.Release|x64.Build.0 = Release|Any CPU
		{1C0E55D7-965F-49BA-A607-E2DD9DCF3203}.Release|x86.ActiveCfg = Release|Any CPU
		{1C0E55D7-965F-49BA-A607-E2DD9DCF3203}.Release|x86.Build.0 = Release|Any CPU
		{73489648-2C01-439C-8154-D203A83E6616}.Debug|Any CPU.ActiveCfg = Debug|Any CPU
		{73489648-2C01-439C-8154-D203A83E6616}.Debug|Any CPU.Build.0 = Debug|Any CPU
		{73489648-2C01-439C-8154-D203A83E6616}.Debug|x64.ActiveCfg = Debug|Any CPU
		{73489648-2C01-439C-8154-D203A83E6616}.Debug|x64.Build.0 = Debug|Any CPU
		{73489648-2C01-439C-8154-D203A83E6616}.Debug|x86.ActiveCfg = Debug|Any CPU
		{73489648-2C01-439C-8154-D203A83E6616}.Debug|x86.Build.0 = Debug|Any CPU
		{73489648-2C01-439C-8154-D203A83E6616}.Release|Any CPU.ActiveCfg = Release|Any CPU
		{73489648-2C01-439C-8154-D203A83E6616}.Release|Any CPU.Build.0 = Release|Any CPU
		{73489648-2C01-439C-8154-D203A83E6616}.Release|x64.ActiveCfg = Release|Any CPU
		{73489648-2C01-439C-8154-D203A83E6616}.Release|x64.Build.0 = Release|Any CPU
		{73489648-2C01-439C-8154-D203A83E6616}.Release|x86.ActiveCfg = Release|Any CPU
		{73489648-2C01-439C-8154-D203A83E6616}.Release|x86.Build.0 = Release|Any CPU
		{376C40FF-CA8F-4C8E-9926-76128ABC10DB}.Debug|Any CPU.ActiveCfg = Debug|Any CPU
		{376C40FF-CA8F-4C8E-9926-76128ABC10DB}.Debug|Any CPU.Build.0 = Debug|Any CPU
		{376C40FF-CA8F-4C8E-9926-76128ABC10DB}.Debug|x64.ActiveCfg = Debug|Any CPU
		{376C40FF-CA8F-4C8E-9926-76128ABC10DB}.Debug|x64.Build.0 = Debug|Any CPU
		{376C40FF-CA8F-4C8E-9926-76128ABC10DB}.Debug|x86.ActiveCfg = Debug|Any CPU
		{376C40FF-CA8F-4C8E-9926-76128ABC10DB}.Debug|x86.Build.0 = Debug|Any CPU
		{376C40FF-CA8F-4C8E-9926-76128ABC10DB}.Release|Any CPU.ActiveCfg = Release|Any CPU
		{376C40FF-CA8F-4C8E-9926-76128ABC10DB}.Release|Any CPU.Build.0 = Release|Any CPU
		{376C40FF-CA8F-4C8E-9926-76128ABC10DB}.Release|x64.ActiveCfg = Release|Any CPU
		{376C40FF-CA8F-4C8E-9926-76128ABC10DB}.Release|x64.Build.0 = Release|Any CPU
		{376C40FF-CA8F-4C8E-9926-76128ABC10DB}.Release|x86.ActiveCfg = Release|Any CPU
		{376C40FF-CA8F-4C8E-9926-76128ABC10DB}.Release|x86.Build.0 = Release|Any CPU
		{9F1CE032-61E5-4AE6-A280-FBF3B5C42DEC}.Debug|Any CPU.ActiveCfg = Debug|Any CPU
		{9F1CE032-61E5-4AE6-A280-FBF3B5C42DEC}.Debug|Any CPU.Build.0 = Debug|Any CPU
		{9F1CE032-61E5-4AE6-A280-FBF3B5C42DEC}.Debug|x64.ActiveCfg = Debug|Any CPU
		{9F1CE032-61E5-4AE6-A280-FBF3B5C42DEC}.Debug|x64.Build.0 = Debug|Any CPU
		{9F1CE032-61E5-4AE6-A280-FBF3B5C42DEC}.Debug|x86.ActiveCfg = Debug|Any CPU
		{9F1CE032-61E5-4AE6-A280-FBF3B5C42DEC}.Debug|x86.Build.0 = Debug|Any CPU
		{9F1CE032-61E5-4AE6-A280-FBF3B5C42DEC}.Release|Any CPU.ActiveCfg = Release|Any CPU
		{9F1CE032-61E5-4AE6-A280-FBF3B5C42DEC}.Release|Any CPU.Build.0 = Release|Any CPU
		{9F1CE032-61E5-4AE6-A280-FBF3B5C42DEC}.Release|x64.ActiveCfg = Release|Any CPU
		{9F1CE032-61E5-4AE6-A280-FBF3B5C42DEC}.Release|x64.Build.0 = Release|Any CPU
		{9F1CE032-61E5-4AE6-A280-FBF3B5C42DEC}.Release|x86.ActiveCfg = Release|Any CPU
		{9F1CE032-61E5-4AE6-A280-FBF3B5C42DEC}.Release|x86.Build.0 = Release|Any CPU
		{0A789E91-3E33-401C-B3FB-329B680A84F8}.Debug|Any CPU.ActiveCfg = Debug|Any CPU
		{0A789E91-3E33-401C-B3FB-329B680A84F8}.Debug|Any CPU.Build.0 = Debug|Any CPU
		{0A789E91-3E33-401C-B3FB-329B680A84F8}.Debug|x64.ActiveCfg = Debug|Any CPU
		{0A789E91-3E33-401C-B3FB-329B680A84F8}.Debug|x64.Build.0 = Debug|Any CPU
		{0A789E91-3E33-401C-B3FB-329B680A84F8}.Debug|x86.ActiveCfg = Debug|Any CPU
		{0A789E91-3E33-401C-B3FB-329B680A84F8}.Debug|x86.Build.0 = Debug|Any CPU
		{0A789E91-3E33-401C-B3FB-329B680A84F8}.Release|Any CPU.ActiveCfg = Release|Any CPU
		{0A789E91-3E33-401C-B3FB-329B680A84F8}.Release|Any CPU.Build.0 = Release|Any CPU
		{0A789E91-3E33-401C-B3FB-329B680A84F8}.Release|x64.ActiveCfg = Release|Any CPU
		{0A789E91-3E33-401C-B3FB-329B680A84F8}.Release|x64.Build.0 = Release|Any CPU
		{0A789E91-3E33-401C-B3FB-329B680A84F8}.Release|x86.ActiveCfg = Release|Any CPU
		{0A789E91-3E33-401C-B3FB-329B680A84F8}.Release|x86.Build.0 = Release|Any CPU
	EndGlobalSection
	GlobalSection(SolutionProperties) = preSolution
		HideSolutionNode = FALSE
	EndGlobalSection
	GlobalSection(NestedProjects) = preSolution
		{75C8A8AC-7A81-46AE-AF4C-706BDC7AB6D6} = {8D5F60A8-566A-4068-8B83-1BA48F66E60B}
	EndGlobalSection
	GlobalSection(ExtensibilityGlobals) = postSolution
		SolutionGuid = {51CB0E2B-8005-4839-8808-C1CA8C9C2BA7}
	EndGlobalSection
EndGlobal
